
Microsoft Visual Studio Solution File, Format Version 12.00
# Visual Studio Version 17
VisualStudioVersion = 17.10.35027.167
MinimumVisualStudioVersion = 10.0.40219.1
Project("{2150E333-8FDC-42A3-9474-1A3956D46DE8}") = "Practice1", "Practice1", "{5D1D953B-4CBA-499F-B58E-47492CD2ADFC}"
EndProject
Project("{9A19103F-16F7-4668-BE54-9A1E7A4F7556}") = "Practice1.Task1B", "Practice1.Task1B\Practice1.Task1B.csproj", "{FDC809BE-AF6A-4947-97C4-B2F935DE0764}"
EndProject
Project("{9A19103F-16F7-4668-BE54-9A1E7A4F7556}") = "Practice1.Task2", "Practice1.Task2\Practice1.Task2.csproj", "{8EF57DBC-C4B3-400D-A8DD-F8DC2D200E12}"
EndProject
Project("{9A19103F-16F7-4668-BE54-9A1E7A4F7556}") = "Practice1.Task3", "Practice1.Task3\Practice1.Task3.csproj", "{834704F2-6249-4F12-AB3E-228E785D1640}"
EndProject
Project("{9A19103F-16F7-4668-BE54-9A1E7A4F7556}") = "Practice1.Task4", "Practice1.Task4\Practice1.Task4.csproj", "{A1C6DD20-B4E9-4605-AF16-A7141D28925B}"
EndProject
Project("{9A19103F-16F7-4668-BE54-9A1E7A4F7556}") = "Practice1.Task5", "Practice1.Task5\Practice1.Task5.csproj", "{B7FE75E7-4B18-4201-8E04-43A40F1A0E58}"
EndProject
Project("{9A19103F-16F7-4668-BE54-9A1E7A4F7556}") = "Practice1.Task6", "Practice1.Task6\Practice1.Task6.csproj", "{B31CA386-3892-4348-BA06-86E21DC584FB}"
EndProject
Project("{9A19103F-16F7-4668-BE54-9A1E7A4F7556}") = "Practice1.Task7", "Practice1.Task7\Practice1.Task7.csproj", "{827D5229-61DD-487E-9F6C-160A36B5734A}"
EndProject
Project("{9A19103F-16F7-4668-BE54-9A1E7A4F7556}") = "Practice1.Task1A", "Practice1.Task1A\Practice1.Task1A.csproj", "{90CC01AF-A7C5-4D2E-B926-32149C985542}"
EndProject
Project("{2150E333-8FDC-42A3-9474-1A3956D46DE8}") = "Practice2", "Practice2", "{0DCAE3F9-1F56-47E0-AF4C-5C7D461B033D}"
EndProject
Project("{9A19103F-16F7-4668-BE54-9A1E7A4F7556}") = "Practice2.Task1", "Practice2.Task1\Practice2.Task1.csproj", "{4EB33699-590F-4AA1-8E99-9C4DF1504008}"
EndProject
Project("{9A19103F-16F7-4668-BE54-9A1E7A4F7556}") = "Practice2.Task2", "Practice2.Task2\Practice2.Task2.csproj", "{780427F7-2068-4034-865B-AA38EBB80EE6}"
EndProject
Project("{9A19103F-16F7-4668-BE54-9A1E7A4F7556}") = "Practice2.Task3", "Practice2.Task3\Practice2.Task3.csproj", "{8CC2CC97-A442-4612-9A59-043072500BBD}"
EndProject
Project("{9A19103F-16F7-4668-BE54-9A1E7A4F7556}") = "Practice2.Task4", "Practice2.Task4\Practice2.Task4.csproj", "{0A05D91C-7852-4D79-8E4D-6293FAE15737}"
EndProject
Project("{2150E333-8FDC-42A3-9474-1A3956D46DE8}") = "Practice3", "Practice3", "{8B1D73E3-281D-4B46-848B-47410E3992C6}"
EndProject
Project("{FAE04EC0-301F-11D3-BF4B-00C04F79EFBC}") = "Practice3.Task1", "Practice3.Task1\Practice3.Task1.csproj", "{284A02D7-C541-4B3B-AFE5-FC39D6FC5C10}"
EndProject
Project("{FAE04EC0-301F-11D3-BF4B-00C04F79EFBC}") = "Practice3.Task2", "Practice3.Task2\Practice3.Task2.csproj", "{479A8401-B9ED-4050-81AB-75DCD531DB70}"
EndProject
Global
	GlobalSection(SolutionConfigurationPlatforms) = preSolution
		CheckIn|Any CPU = CheckIn|Any CPU
		Debug|Any CPU = Debug|Any CPU
		Release|Any CPU = Release|Any CPU
	EndGlobalSection
	GlobalSection(ProjectConfigurationPlatforms) = postSolution
		{FDC809BE-AF6A-4947-97C4-B2F935DE0764}.CheckIn|Any CPU.ActiveCfg = CheckIn|Any CPU
		{FDC809BE-AF6A-4947-97C4-B2F935DE0764}.CheckIn|Any CPU.Build.0 = CheckIn|Any CPU
		{FDC809BE-AF6A-4947-97C4-B2F935DE0764}.Debug|Any CPU.ActiveCfg = CheckIn|Any CPU
		{FDC809BE-AF6A-4947-97C4-B2F935DE0764}.Debug|Any CPU.Build.0 = CheckIn|Any CPU
		{FDC809BE-AF6A-4947-97C4-B2F935DE0764}.Release|Any CPU.ActiveCfg = Release|Any CPU
		{FDC809BE-AF6A-4947-97C4-B2F935DE0764}.Release|Any CPU.Build.0 = Release|Any CPU
		{8EF57DBC-C4B3-400D-A8DD-F8DC2D200E12}.CheckIn|Any CPU.ActiveCfg = Debug|Any CPU
		{8EF57DBC-C4B3-400D-A8DD-F8DC2D200E12}.CheckIn|Any CPU.Build.0 = Debug|Any CPU
		{8EF57DBC-C4B3-400D-A8DD-F8DC2D200E12}.Debug|Any CPU.ActiveCfg = Debug|Any CPU
		{8EF57DBC-C4B3-400D-A8DD-F8DC2D200E12}.Debug|Any CPU.Build.0 = Debug|Any CPU
		{8EF57DBC-C4B3-400D-A8DD-F8DC2D200E12}.Release|Any CPU.ActiveCfg = Release|Any CPU
		{8EF57DBC-C4B3-400D-A8DD-F8DC2D200E12}.Release|Any CPU.Build.0 = Release|Any CPU
		{834704F2-6249-4F12-AB3E-228E785D1640}.CheckIn|Any CPU.ActiveCfg = Debug|Any CPU
		{834704F2-6249-4F12-AB3E-228E785D1640}.CheckIn|Any CPU.Build.0 = Debug|Any CPU
		{834704F2-6249-4F12-AB3E-228E785D1640}.Debug|Any CPU.ActiveCfg = Debug|Any CPU
		{834704F2-6249-4F12-AB3E-228E785D1640}.Debug|Any CPU.Build.0 = Debug|Any CPU
		{834704F2-6249-4F12-AB3E-228E785D1640}.Release|Any CPU.ActiveCfg = Release|Any CPU
		{834704F2-6249-4F12-AB3E-228E785D1640}.Release|Any CPU.Build.0 = Release|Any CPU
		{A1C6DD20-B4E9-4605-AF16-A7141D28925B}.CheckIn|Any CPU.ActiveCfg = Debug|Any CPU
		{A1C6DD20-B4E9-4605-AF16-A7141D28925B}.CheckIn|Any CPU.Build.0 = Debug|Any CPU
		{A1C6DD20-B4E9-4605-AF16-A7141D28925B}.Debug|Any CPU.ActiveCfg = Debug|Any CPU
		{A1C6DD20-B4E9-4605-AF16-A7141D28925B}.Debug|Any CPU.Build.0 = Debug|Any CPU
		{A1C6DD20-B4E9-4605-AF16-A7141D28925B}.Release|Any CPU.ActiveCfg = Release|Any CPU
		{A1C6DD20-B4E9-4605-AF16-A7141D28925B}.Release|Any CPU.Build.0 = Release|Any CPU
		{B7FE75E7-4B18-4201-8E04-43A40F1A0E58}.CheckIn|Any CPU.ActiveCfg = Debug|Any CPU
		{B7FE75E7-4B18-4201-8E04-43A40F1A0E58}.CheckIn|Any CPU.Build.0 = Debug|Any CPU
		{B7FE75E7-4B18-4201-8E04-43A40F1A0E58}.Debug|Any CPU.ActiveCfg = Debug|Any CPU
		{B7FE75E7-4B18-4201-8E04-43A40F1A0E58}.Debug|Any CPU.Build.0 = Debug|Any CPU
		{B7FE75E7-4B18-4201-8E04-43A40F1A0E58}.Release|Any CPU.ActiveCfg = Release|Any CPU
		{B7FE75E7-4B18-4201-8E04-43A40F1A0E58}.Release|Any CPU.Build.0 = Release|Any CPU
		{B31CA386-3892-4348-BA06-86E21DC584FB}.CheckIn|Any CPU.ActiveCfg = Debug|Any CPU
		{B31CA386-3892-4348-BA06-86E21DC584FB}.CheckIn|Any CPU.Build.0 = Debug|Any CPU
		{B31CA386-3892-4348-BA06-86E21DC584FB}.Debug|Any CPU.ActiveCfg = Debug|Any CPU
		{B31CA386-3892-4348-BA06-86E21DC584FB}.Debug|Any CPU.Build.0 = Debug|Any CPU
		{B31CA386-3892-4348-BA06-86E21DC584FB}.Release|Any CPU.ActiveCfg = Release|Any CPU
		{B31CA386-3892-4348-BA06-86E21DC584FB}.Release|Any CPU.Build.0 = Release|Any CPU
		{827D5229-61DD-487E-9F6C-160A36B5734A}.CheckIn|Any CPU.ActiveCfg = Debug|Any CPU
		{827D5229-61DD-487E-9F6C-160A36B5734A}.CheckIn|Any CPU.Build.0 = Debug|Any CPU
		{827D5229-61DD-487E-9F6C-160A36B5734A}.Debug|Any CPU.ActiveCfg = Debug|Any CPU
		{827D5229-61DD-487E-9F6C-160A36B5734A}.Debug|Any CPU.Build.0 = Debug|Any CPU
		{827D5229-61DD-487E-9F6C-160A36B5734A}.Release|Any CPU.ActiveCfg = Release|Any CPU
		{827D5229-61DD-487E-9F6C-160A36B5734A}.Release|Any CPU.Build.0 = Release|Any CPU
		{90CC01AF-A7C5-4D2E-B926-32149C985542}.CheckIn|Any CPU.ActiveCfg = CheckIn|Any CPU
		{90CC01AF-A7C5-4D2E-B926-32149C985542}.CheckIn|Any CPU.Build.0 = CheckIn|Any CPU
		{90CC01AF-A7C5-4D2E-B926-32149C985542}.Debug|Any CPU.ActiveCfg = Debug|Any CPU
		{90CC01AF-A7C5-4D2E-B926-32149C985542}.Debug|Any CPU.Build.0 = Debug|Any CPU
		{90CC01AF-A7C5-4D2E-B926-32149C985542}.Release|Any CPU.ActiveCfg = Release|Any CPU
		{90CC01AF-A7C5-4D2E-B926-32149C985542}.Release|Any CPU.Build.0 = Release|Any CPU
		{4EB33699-590F-4AA1-8E99-9C4DF1504008}.CheckIn|Any CPU.ActiveCfg = Debug|Any CPU
		{4EB33699-590F-4AA1-8E99-9C4DF1504008}.CheckIn|Any CPU.Build.0 = Debug|Any CPU
		{4EB33699-590F-4AA1-8E99-9C4DF1504008}.Debug|Any CPU.ActiveCfg = Debug|Any CPU
		{4EB33699-590F-4AA1-8E99-9C4DF1504008}.Debug|Any CPU.Build.0 = Debug|Any CPU
		{4EB33699-590F-4AA1-8E99-9C4DF1504008}.Release|Any CPU.ActiveCfg = Release|Any CPU
		{4EB33699-590F-4AA1-8E99-9C4DF1504008}.Release|Any CPU.Build.0 = Release|Any CPU
		{780427F7-2068-4034-865B-AA38EBB80EE6}.CheckIn|Any CPU.ActiveCfg = Debug|Any CPU
		{780427F7-2068-4034-865B-AA38EBB80EE6}.CheckIn|Any CPU.Build.0 = Debug|Any CPU
		{780427F7-2068-4034-865B-AA38EBB80EE6}.Debug|Any CPU.ActiveCfg = Debug|Any CPU
		{780427F7-2068-4034-865B-AA38EBB80EE6}.Debug|Any CPU.Build.0 = Debug|Any CPU
		{780427F7-2068-4034-865B-AA38EBB80EE6}.Release|Any CPU.ActiveCfg = Release|Any CPU
		{780427F7-2068-4034-865B-AA38EBB80EE6}.Release|Any CPU.Build.0 = Release|Any CPU
		{8CC2CC97-A442-4612-9A59-043072500BBD}.CheckIn|Any CPU.ActiveCfg = Debug|Any CPU
		{8CC2CC97-A442-4612-9A59-043072500BBD}.CheckIn|Any CPU.Build.0 = Debug|Any CPU
		{8CC2CC97-A442-4612-9A59-043072500BBD}.Debug|Any CPU.ActiveCfg = Debug|Any CPU
		{8CC2CC97-A442-4612-9A59-043072500BBD}.Debug|Any CPU.Build.0 = Debug|Any CPU
		{8CC2CC97-A442-4612-9A59-043072500BBD}.Release|Any CPU.ActiveCfg = Release|Any CPU
		{8CC2CC97-A442-4612-9A59-043072500BBD}.Release|Any CPU.Build.0 = Release|Any CPU
		{0A05D91C-7852-4D79-8E4D-6293FAE15737}.CheckIn|Any CPU.ActiveCfg = Debug|Any CPU
		{0A05D91C-7852-4D79-8E4D-6293FAE15737}.CheckIn|Any CPU.Build.0 = Debug|Any CPU
		{0A05D91C-7852-4D79-8E4D-6293FAE15737}.Debug|Any CPU.ActiveCfg = Debug|Any CPU
		{0A05D91C-7852-4D79-8E4D-6293FAE15737}.Debug|Any CPU.Build.0 = Debug|Any CPU
		{0A05D91C-7852-4D79-8E4D-6293FAE15737}.Release|Any CPU.ActiveCfg = Release|Any CPU
		{0A05D91C-7852-4D79-8E4D-6293FAE15737}.Release|Any CPU.Build.0 = Release|Any CPU
		{284A02D7-C541-4B3B-AFE5-FC39D6FC5C10}.CheckIn|Any CPU.ActiveCfg = Debug|Any CPU
		{284A02D7-C541-4B3B-AFE5-FC39D6FC5C10}.CheckIn|Any CPU.Build.0 = Debug|Any CPU
		{284A02D7-C541-4B3B-AFE5-FC39D6FC5C10}.Debug|Any CPU.ActiveCfg = Debug|Any CPU
		{284A02D7-C541-4B3B-AFE5-FC39D6FC5C10}.Debug|Any CPU.Build.0 = Debug|Any CPU
		{284A02D7-C541-4B3B-AFE5-FC39D6FC5C10}.Release|Any CPU.ActiveCfg = Release|Any CPU
		{284A02D7-C541-4B3B-AFE5-FC39D6FC5C10}.Release|Any CPU.Build.0 = Release|Any CPU
		{479A8401-B9ED-4050-81AB-75DCD531DB70}.CheckIn|Any CPU.ActiveCfg = Debug|Any CPU
		{479A8401-B9ED-4050-81AB-75DCD531DB70}.CheckIn|Any CPU.Build.0 = Debug|Any CPU
		{479A8401-B9ED-4050-81AB-75DCD531DB70}.Debug|Any CPU.ActiveCfg = Debug|Any CPU
		{479A8401-B9ED-4050-81AB-75DCD531DB70}.Debug|Any CPU.Build.0 = Debug|Any CPU
		{479A8401-B9ED-4050-81AB-75DCD531DB70}.Release|Any CPU.ActiveCfg = Release|Any CPU
		{479A8401-B9ED-4050-81AB-75DCD531DB70}.Release|Any CPU.Build.0 = Release|Any CPU
	EndGlobalSection
	GlobalSection(SolutionProperties) = preSolution
		HideSolutionNode = FALSE
	EndGlobalSection
	GlobalSection(NestedProjects) = preSolution
		{FDC809BE-AF6A-4947-97C4-B2F935DE0764} = {5D1D953B-4CBA-499F-B58E-47492CD2ADFC}
		{8EF57DBC-C4B3-400D-A8DD-F8DC2D200E12} = {5D1D953B-4CBA-499F-B58E-47492CD2ADFC}
		{834704F2-6249-4F12-AB3E-228E785D1640} = {5D1D953B-4CBA-499F-B58E-47492CD2ADFC}
		{A1C6DD20-B4E9-4605-AF16-A7141D28925B} = {5D1D953B-4CBA-499F-B58E-47492CD2ADFC}
		{B7FE75E7-4B18-4201-8E04-43A40F1A0E58} = {5D1D953B-4CBA-499F-B58E-47492CD2ADFC}
		{B31CA386-3892-4348-BA06-86E21DC584FB} = {5D1D953B-4CBA-499F-B58E-47492CD2ADFC}
		{827D5229-61DD-487E-9F6C-160A36B5734A} = {5D1D953B-4CBA-499F-B58E-47492CD2ADFC}
		{90CC01AF-A7C5-4D2E-B926-32149C985542} = {5D1D953B-4CBA-499F-B58E-47492CD2ADFC}
		{4EB33699-590F-4AA1-8E99-9C4DF1504008} = {0DCAE3F9-1F56-47E0-AF4C-5C7D461B033D}
		{780427F7-2068-4034-865B-AA38EBB80EE6} = {0DCAE3F9-1F56-47E0-AF4C-5C7D461B033D}
		{8CC2CC97-A442-4612-9A59-043072500BBD} = {0DCAE3F9-1F56-47E0-AF4C-5C7D461B033D}
		{0A05D91C-7852-4D79-8E4D-6293FAE15737} = {0DCAE3F9-1F56-47E0-AF4C-5C7D461B033D}
		{284A02D7-C541-4B3B-AFE5-FC39D6FC5C10} = {8B1D73E3-281D-4B46-848B-47410E3992C6}
		{479A8401-B9ED-4050-81AB-75DCD531DB70} = {8B1D73E3-281D-4B46-848B-47410E3992C6}
	EndGlobalSection
	GlobalSection(ExtensibilityGlobals) = postSolution
		SolutionGuid = {0090F748-6109-4D85-B736-24586AA49B24}
	EndGlobalSection
EndGlobal
