
Microsoft Visual Studio Solution File, Format Version 12.00
# Visual Studio Version 17
VisualStudioVersion = 17.10.35027.167
MinimumVisualStudioVersion = 10.0.40219.1
Project("{2150E333-8FDC-42A3-9474-1A3956D46DE8}") = "Practice1", "Practice1", "{5D1D953B-4CBA-499F-B58E-47492CD2ADFC}"
EndProject
Project("{9A19103F-16F7-4668-BE54-9A1E7A4F7556}") = "Practice1.Task1B", "Practice1.Task1B\Practice1.Task1B.csproj", "{FDC809BE-AF6A-4947-97C4-B2F935DE0764}"
EndProject
Project("{9A19103F-16F7-4668-BE54-9A1E7A4F7556}") = "Practice1.Task2", "Practice1.Task2\Practice1.Task2.csproj", "{8EF57DBC-C4B3-400D-A8DD-F8DC2D200E12}"
EndProject
Project("{9A19103F-16F7-4668-BE54-9A1E7A4F7556}") = "Practice1.Task3", "Practice1.Task3\Practice1.Task3.csproj", "{834704F2-6249-4F12-AB3E-228E785D1640}"
EndProject
Project("{9A19103F-16F7-4668-BE54-9A1E7A4F7556}") = "Practice1.Task4", "Practice1.Task4\Practice1.Task4.csproj", "{A1C6DD20-B4E9-4605-AF16-A7141D28925B}"
EndProject
Project("{9A19103F-16F7-4668-BE54-9A1E7A4F7556}") = "Practice1.Task5", "Practice1.Task5\Practice1.Task5.csproj", "{B7FE75E7-4B18-4201-8E04-43A40F1A0E58}"
EndProject
Project("{9A19103F-16F7-4668-BE54-9A1E7A4F7556}") = "Practice1.Task6", "Practice1.Task6\Practice1.Task6.csproj", "{B31CA386-3892-4348-BA06-86E21DC584FB}"
EndProject
Project("{9A19103F-16F7-4668-BE54-9A1E7A4F7556}") = "Practice1.Task7", "Practice1.Task7\Practice1.Task7.csproj", "{827D5229-61DD-487E-9F6C-160A36B5734A}"
EndProject
Project("{9A19103F-16F7-4668-BE54-9A1E7A4F7556}") = "Practice1.Task1A", "Practice1.Task1A\Practice1.Task1A.csproj", "{90CC01AF-A7C5-4D2E-B926-32149C985542}"
EndProject
Project("{2150E333-8FDC-42A3-9474-1A3956D46DE8}") = "Practice2", "Practice2", "{0DCAE3F9-1F56-47E0-AF4C-5C7D461B033D}"
EndProject
Project("{9A19103F-16F7-4668-BE54-9A1E7A4F7556}") = "Practice2.Task1", "Practice2.Task1\Practice2.Task1.csproj", "{4EB33699-590F-4AA1-8E99-9C4DF1504008}"
EndProject
Project("{9A19103F-16F7-4668-BE54-9A1E7A4F7556}") = "Practice2.Task2", "Practice2.Task2\Practice2.Task2.csproj", "{780427F7-2068-4034-865B-AA38EBB80EE6}"
EndProject
Project("{9A19103F-16F7-4668-BE54-9A1E7A4F7556}") = "Practice2.Task3", "Practice2.Task3\Practice2.Task3.csproj", "{8CC2CC97-A442-4612-9A59-043072500BBD}"
EndProject
Project("{9A19103F-16F7-4668-BE54-9A1E7A4F7556}") = "Practice2.Task4", "Practice2.Task4\Practice2.Task4.csproj", "{0A05D91C-7852-4D79-8E4D-6293FAE15737}"
EndProject
Project("{2150E333-8FDC-42A3-9474-1A3956D46DE8}") = "Practice3", "Practice3", "{8B1D73E3-281D-4B46-848B-47410E3992C6}"
EndProject
Project("{9A19103F-16F7-4668-BE54-9A1E7A4F7556}") = "Practice3.Task1", "Practice3.Task1\Practice3.Task1.csproj", "{284A02D7-C541-4B3B-AFE5-FC39D6FC5C10}"
EndProject
Project("{9A19103F-16F7-4668-BE54-9A1E7A4F7556}") = "Practice3.Task2", "Practice3.Task2\Practice3.Task2.csproj", "{479A8401-B9ED-4050-81AB-75DCD531DB70}"
EndProject
Project("{9A19103F-16F7-4668-BE54-9A1E7A4F7556}") = "Practice2.Task5", "Practice2.Task5\Practice2.Task5.csproj", "{2D2EE4A1-EF8B-4656-9679-C4F035B88A6E}"
EndProject
Project("{9A19103F-16F7-4668-BE54-9A1E7A4F7556}") = "Practice2.Task6", "Practice2.Task6\Practice2.Task6.csproj", "{6F16E1F8-0BDD-4621-B8DC-0E9DC6A1BFDF}"
EndProject
Project("{FAE04EC0-301F-11D3-BF4B-00C04F79EFBC}") = "Practice2.Task7", "Practice2.Task7\Practice2.Task7.csproj", "{A3C831E3-870B-407D-9E20-1557C82765F9}"
EndProject
Project("{FAE04EC0-301F-11D3-BF4B-00C04F79EFBC}") = "Practice2.Task8", "Practice2.Task8\Practice2.Task8.csproj", "{2598C9CB-837A-4561-AC2B-60485B969BD2}"
EndProject
Project("{FAE04EC0-301F-11D3-BF4B-00C04F79EFBC}") = "Practice2.Task9", "Practice2.Task9\Practice2.Task9.csproj", "{0375618D-4237-4D93-B1AF-38714C5CDBEA}"
EndProject
Project("{FAE04EC0-301F-11D3-BF4B-00C04F79EFBC}") = "Practice2.Task10", "Practice2.Task10\Practice2.Task10.csproj", "{EFDD51B8-3D14-4F77-AFF5-EE6F0FE11780}"
EndProject
Project("{FAE04EC0-301F-11D3-BF4B-00C04F79EFBC}") = "Practice2.Task11", "Practice2.Task11\Practice2.Task11.csproj", "{CC6CA494-6CD1-4E78-B1FD-B180B1480159}"
EndProject
Project("{FAE04EC0-301F-11D3-BF4B-00C04F79EFBC}") = "Practice2.Task12", "Practice2.Task12\Practice2.Task12.csproj", "{2D957A15-360E-453E-8DB4-49CA5A7EF9EB}"
EndProject
Project("{FAE04EC0-301F-11D3-BF4B-00C04F79EFBC}") = "Practice2.Task13", "Practice2.Task13\Practice2.Task13.csproj", "{4B1FC406-6DCB-4568-AF65-3113B8A7C30E}"
EndProject
Project("{FAE04EC0-301F-11D3-BF4B-00C04F79EFBC}") = "Practice2.Task14", "Practice2.Task14\Practice2.Task14.csproj", "{BD851973-4A76-4C0F-9F7E-D36A7B883F7D}"
EndProject
Project("{FAE04EC0-301F-11D3-BF4B-00C04F79EFBC}") = "Practice2.Task15", "Practice2.Task15\Practice2.Task15.csproj", "{7AD107F3-700D-4C13-929C-B1DC2393CE56}"
EndProject
Project("{FAE04EC0-301F-11D3-BF4B-00C04F79EFBC}") = "Practice2.Task16", "Practice2.Task16\Practice2.Task16.csproj", "{D6B16FE4-EC8A-4BA8-82F8-4080ED80DB7C}"
EndProject
Project("{FAE04EC0-301F-11D3-BF4B-00C04F79EFBC}") = "Practice2.Task17", "Practice2.Task17\Practice2.Task17.csproj", "{2C8A0A61-7771-4CBF-96F9-DCB83362C324}"
EndProject
Project("{FAE04EC0-301F-11D3-BF4B-00C04F79EFBC}") = "Practice2.Task18", "Practice2.Task18\Practice2.Task18.csproj", "{28D28C86-3B24-4A97-8DB3-A60E8EAE8C24}"
EndProject
Project("{FAE04EC0-301F-11D3-BF4B-00C04F79EFBC}") = "Practice2.Task19", "Practice2.Task19\Practice2.Task19.csproj", "{81D78D6E-98CC-4501-B826-4BC65F43D356}"
EndProject
Project("{FAE04EC0-301F-11D3-BF4B-00C04F79EFBC}") = "Practice2.Task20", "Practice2.Task20\Practice2.Task20.csproj", "{E0D3DF2F-6BB7-4A9D-A2E1-6736B9342C6B}"
EndProject
Project("{FAE04EC0-301F-11D3-BF4B-00C04F79EFBC}") = "Practice2.Task21", "Practice2.Task21\Practice2.Task21.csproj", "{C3798CFF-6370-478C-A634-C36A81C88DE6}"
EndProject
Project("{FAE04EC0-301F-11D3-BF4B-00C04F79EFBC}") = "Practice2.Task22", "Practice2.Task22\Practice2.Task22.csproj", "{90DD5C17-0287-44BF-91A2-C67BF2490518}"
EndProject
Project("{FAE04EC0-301F-11D3-BF4B-00C04F79EFBC}") = "Practice2.Task23", "Practice2.Task23\Practice2.Task23.csproj", "{2A433162-FB77-4829-BF12-5DD9AEC84966}"
EndProject
Project("{FAE04EC0-301F-11D3-BF4B-00C04F79EFBC}") = "Practice2.Task24", "Practice2.Task24\Practice2.Task24.csproj", "{531485CE-A5F5-4580-882A-9B8B22093030}"
EndProject
Project("{FAE04EC0-301F-11D3-BF4B-00C04F79EFBC}") = "Practice2.Task25", "Practice2.Task25\Practice2.Task25.csproj", "{5DCF2E45-9674-413F-AC99-B8F51088B936}"
EndProject
Global
	GlobalSection(SolutionConfigurationPlatforms) = preSolution
		CheckIn|Any CPU = CheckIn|Any CPU
		Debug|Any CPU = Debug|Any CPU
		Release|Any CPU = Release|Any CPU
	EndGlobalSection
	GlobalSection(ProjectConfigurationPlatforms) = postSolution
		{FDC809BE-AF6A-4947-97C4-B2F935DE0764}.CheckIn|Any CPU.ActiveCfg = CheckIn|Any CPU
		{FDC809BE-AF6A-4947-97C4-B2F935DE0764}.CheckIn|Any CPU.Build.0 = CheckIn|Any CPU
		{FDC809BE-AF6A-4947-97C4-B2F935DE0764}.Debug|Any CPU.ActiveCfg = CheckIn|Any CPU
		{FDC809BE-AF6A-4947-97C4-B2F935DE0764}.Debug|Any CPU.Build.0 = CheckIn|Any CPU
		{FDC809BE-AF6A-4947-97C4-B2F935DE0764}.Release|Any CPU.ActiveCfg = Release|Any CPU
		{FDC809BE-AF6A-4947-97C4-B2F935DE0764}.Release|Any CPU.Build.0 = Release|Any CPU
		{8EF57DBC-C4B3-400D-A8DD-F8DC2D200E12}.CheckIn|Any CPU.ActiveCfg = Debug|Any CPU
		{8EF57DBC-C4B3-400D-A8DD-F8DC2D200E12}.CheckIn|Any CPU.Build.0 = Debug|Any CPU
		{8EF57DBC-C4B3-400D-A8DD-F8DC2D200E12}.Debug|Any CPU.ActiveCfg = Debug|Any CPU
		{8EF57DBC-C4B3-400D-A8DD-F8DC2D200E12}.Debug|Any CPU.Build.0 = Debug|Any CPU
		{8EF57DBC-C4B3-400D-A8DD-F8DC2D200E12}.Release|Any CPU.ActiveCfg = Release|Any CPU
		{8EF57DBC-C4B3-400D-A8DD-F8DC2D200E12}.Release|Any CPU.Build.0 = Release|Any CPU
		{834704F2-6249-4F12-AB3E-228E785D1640}.CheckIn|Any CPU.ActiveCfg = Debug|Any CPU
		{834704F2-6249-4F12-AB3E-228E785D1640}.CheckIn|Any CPU.Build.0 = Debug|Any CPU
		{834704F2-6249-4F12-AB3E-228E785D1640}.Debug|Any CPU.ActiveCfg = Debug|Any CPU
		{834704F2-6249-4F12-AB3E-228E785D1640}.Debug|Any CPU.Build.0 = Debug|Any CPU
		{834704F2-6249-4F12-AB3E-228E785D1640}.Release|Any CPU.ActiveCfg = Release|Any CPU
		{834704F2-6249-4F12-AB3E-228E785D1640}.Release|Any CPU.Build.0 = Release|Any CPU
		{A1C6DD20-B4E9-4605-AF16-A7141D28925B}.CheckIn|Any CPU.ActiveCfg = Debug|Any CPU
		{A1C6DD20-B4E9-4605-AF16-A7141D28925B}.CheckIn|Any CPU.Build.0 = Debug|Any CPU
		{A1C6DD20-B4E9-4605-AF16-A7141D28925B}.Debug|Any CPU.ActiveCfg = Debug|Any CPU
		{A1C6DD20-B4E9-4605-AF16-A7141D28925B}.Debug|Any CPU.Build.0 = Debug|Any CPU
		{A1C6DD20-B4E9-4605-AF16-A7141D28925B}.Release|Any CPU.ActiveCfg = Release|Any CPU
		{A1C6DD20-B4E9-4605-AF16-A7141D28925B}.Release|Any CPU.Build.0 = Release|Any CPU
		{B7FE75E7-4B18-4201-8E04-43A40F1A0E58}.CheckIn|Any CPU.ActiveCfg = Debug|Any CPU
		{B7FE75E7-4B18-4201-8E04-43A40F1A0E58}.CheckIn|Any CPU.Build.0 = Debug|Any CPU
		{B7FE75E7-4B18-4201-8E04-43A40F1A0E58}.Debug|Any CPU.ActiveCfg = Debug|Any CPU
		{B7FE75E7-4B18-4201-8E04-43A40F1A0E58}.Debug|Any CPU.Build.0 = Debug|Any CPU
		{B7FE75E7-4B18-4201-8E04-43A40F1A0E58}.Release|Any CPU.ActiveCfg = Release|Any CPU
		{B7FE75E7-4B18-4201-8E04-43A40F1A0E58}.Release|Any CPU.Build.0 = Release|Any CPU
		{B31CA386-3892-4348-BA06-86E21DC584FB}.CheckIn|Any CPU.ActiveCfg = Debug|Any CPU
		{B31CA386-3892-4348-BA06-86E21DC584FB}.CheckIn|Any CPU.Build.0 = Debug|Any CPU
		{B31CA386-3892-4348-BA06-86E21DC584FB}.Debug|Any CPU.ActiveCfg = Debug|Any CPU
		{B31CA386-3892-4348-BA06-86E21DC584FB}.Debug|Any CPU.Build.0 = Debug|Any CPU
		{B31CA386-3892-4348-BA06-86E21DC584FB}.Release|Any CPU.ActiveCfg = Release|Any CPU
		{B31CA386-3892-4348-BA06-86E21DC584FB}.Release|Any CPU.Build.0 = Release|Any CPU
		{827D5229-61DD-487E-9F6C-160A36B5734A}.CheckIn|Any CPU.ActiveCfg = Debug|Any CPU
		{827D5229-61DD-487E-9F6C-160A36B5734A}.CheckIn|Any CPU.Build.0 = Debug|Any CPU
		{827D5229-61DD-487E-9F6C-160A36B5734A}.Debug|Any CPU.ActiveCfg = Debug|Any CPU
		{827D5229-61DD-487E-9F6C-160A36B5734A}.Debug|Any CPU.Build.0 = Debug|Any CPU
		{827D5229-61DD-487E-9F6C-160A36B5734A}.Release|Any CPU.ActiveCfg = Release|Any CPU
		{827D5229-61DD-487E-9F6C-160A36B5734A}.Release|Any CPU.Build.0 = Release|Any CPU
		{90CC01AF-A7C5-4D2E-B926-32149C985542}.CheckIn|Any CPU.ActiveCfg = CheckIn|Any CPU
		{90CC01AF-A7C5-4D2E-B926-32149C985542}.CheckIn|Any CPU.Build.0 = CheckIn|Any CPU
		{90CC01AF-A7C5-4D2E-B926-32149C985542}.Debug|Any CPU.ActiveCfg = Debug|Any CPU
		{90CC01AF-A7C5-4D2E-B926-32149C985542}.Debug|Any CPU.Build.0 = Debug|Any CPU
		{90CC01AF-A7C5-4D2E-B926-32149C985542}.Release|Any CPU.ActiveCfg = Release|Any CPU
		{90CC01AF-A7C5-4D2E-B926-32149C985542}.Release|Any CPU.Build.0 = Release|Any CPU
		{4EB33699-590F-4AA1-8E99-9C4DF1504008}.CheckIn|Any CPU.ActiveCfg = Debug|Any CPU
		{4EB33699-590F-4AA1-8E99-9C4DF1504008}.CheckIn|Any CPU.Build.0 = Debug|Any CPU
		{4EB33699-590F-4AA1-8E99-9C4DF1504008}.Debug|Any CPU.ActiveCfg = Debug|Any CPU
		{4EB33699-590F-4AA1-8E99-9C4DF1504008}.Debug|Any CPU.Build.0 = Debug|Any CPU
		{4EB33699-590F-4AA1-8E99-9C4DF1504008}.Release|Any CPU.ActiveCfg = Release|Any CPU
		{4EB33699-590F-4AA1-8E99-9C4DF1504008}.Release|Any CPU.Build.0 = Release|Any CPU
		{780427F7-2068-4034-865B-AA38EBB80EE6}.CheckIn|Any CPU.ActiveCfg = Debug|Any CPU
		{780427F7-2068-4034-865B-AA38EBB80EE6}.CheckIn|Any CPU.Build.0 = Debug|Any CPU
		{780427F7-2068-4034-865B-AA38EBB80EE6}.Debug|Any CPU.ActiveCfg = Debug|Any CPU
		{780427F7-2068-4034-865B-AA38EBB80EE6}.Debug|Any CPU.Build.0 = Debug|Any CPU
		{780427F7-2068-4034-865B-AA38EBB80EE6}.Release|Any CPU.ActiveCfg = Release|Any CPU
		{780427F7-2068-4034-865B-AA38EBB80EE6}.Release|Any CPU.Build.0 = Release|Any CPU
		{8CC2CC97-A442-4612-9A59-043072500BBD}.CheckIn|Any CPU.ActiveCfg = Debug|Any CPU
		{8CC2CC97-A442-4612-9A59-043072500BBD}.CheckIn|Any CPU.Build.0 = Debug|Any CPU
		{8CC2CC97-A442-4612-9A59-043072500BBD}.Debug|Any CPU.ActiveCfg = Debug|Any CPU
		{8CC2CC97-A442-4612-9A59-043072500BBD}.Debug|Any CPU.Build.0 = Debug|Any CPU
		{8CC2CC97-A442-4612-9A59-043072500BBD}.Release|Any CPU.ActiveCfg = Release|Any CPU
		{8CC2CC97-A442-4612-9A59-043072500BBD}.Release|Any CPU.Build.0 = Release|Any CPU
		{0A05D91C-7852-4D79-8E4D-6293FAE15737}.CheckIn|Any CPU.ActiveCfg = Debug|Any CPU
		{0A05D91C-7852-4D79-8E4D-6293FAE15737}.CheckIn|Any CPU.Build.0 = Debug|Any CPU
		{0A05D91C-7852-4D79-8E4D-6293FAE15737}.Debug|Any CPU.ActiveCfg = Debug|Any CPU
		{0A05D91C-7852-4D79-8E4D-6293FAE15737}.Debug|Any CPU.Build.0 = Debug|Any CPU
		{0A05D91C-7852-4D79-8E4D-6293FAE15737}.Release|Any CPU.ActiveCfg = Release|Any CPU
		{0A05D91C-7852-4D79-8E4D-6293FAE15737}.Release|Any CPU.Build.0 = Release|Any CPU
		{284A02D7-C541-4B3B-AFE5-FC39D6FC5C10}.CheckIn|Any CPU.ActiveCfg = Debug|Any CPU
		{284A02D7-C541-4B3B-AFE5-FC39D6FC5C10}.CheckIn|Any CPU.Build.0 = Debug|Any CPU
		{284A02D7-C541-4B3B-AFE5-FC39D6FC5C10}.Debug|Any CPU.ActiveCfg = Debug|Any CPU
		{284A02D7-C541-4B3B-AFE5-FC39D6FC5C10}.Debug|Any CPU.Build.0 = Debug|Any CPU
		{284A02D7-C541-4B3B-AFE5-FC39D6FC5C10}.Release|Any CPU.ActiveCfg = Release|Any CPU
		{284A02D7-C541-4B3B-AFE5-FC39D6FC5C10}.Release|Any CPU.Build.0 = Release|Any CPU
		{479A8401-B9ED-4050-81AB-75DCD531DB70}.CheckIn|Any CPU.ActiveCfg = Debug|Any CPU
		{479A8401-B9ED-4050-81AB-75DCD531DB70}.CheckIn|Any CPU.Build.0 = Debug|Any CPU
		{479A8401-B9ED-4050-81AB-75DCD531DB70}.Debug|Any CPU.ActiveCfg = Debug|Any CPU
		{479A8401-B9ED-4050-81AB-75DCD531DB70}.Debug|Any CPU.Build.0 = Debug|Any CPU
		{479A8401-B9ED-4050-81AB-75DCD531DB70}.Release|Any CPU.ActiveCfg = Release|Any CPU
		{479A8401-B9ED-4050-81AB-75DCD531DB70}.Release|Any CPU.Build.0 = Release|Any CPU
		{2D2EE4A1-EF8B-4656-9679-C4F035B88A6E}.CheckIn|Any CPU.ActiveCfg = Debug|Any CPU
		{2D2EE4A1-EF8B-4656-9679-C4F035B88A6E}.CheckIn|Any CPU.Build.0 = Debug|Any CPU
		{2D2EE4A1-EF8B-4656-9679-C4F035B88A6E}.Debug|Any CPU.ActiveCfg = Debug|Any CPU
		{2D2EE4A1-EF8B-4656-9679-C4F035B88A6E}.Debug|Any CPU.Build.0 = Debug|Any CPU
		{2D2EE4A1-EF8B-4656-9679-C4F035B88A6E}.Release|Any CPU.ActiveCfg = Release|Any CPU
		{2D2EE4A1-EF8B-4656-9679-C4F035B88A6E}.Release|Any CPU.Build.0 = Release|Any CPU
		{6F16E1F8-0BDD-4621-B8DC-0E9DC6A1BFDF}.CheckIn|Any CPU.ActiveCfg = Debug|Any CPU
		{6F16E1F8-0BDD-4621-B8DC-0E9DC6A1BFDF}.CheckIn|Any CPU.Build.0 = Debug|Any CPU
		{6F16E1F8-0BDD-4621-B8DC-0E9DC6A1BFDF}.Debug|Any CPU.ActiveCfg = Debug|Any CPU
		{6F16E1F8-0BDD-4621-B8DC-0E9DC6A1BFDF}.Debug|Any CPU.Build.0 = Debug|Any CPU
		{6F16E1F8-0BDD-4621-B8DC-0E9DC6A1BFDF}.Release|Any CPU.ActiveCfg = Release|Any CPU
		{6F16E1F8-0BDD-4621-B8DC-0E9DC6A1BFDF}.Release|Any CPU.Build.0 = Release|Any CPU
		{A3C831E3-870B-407D-9E20-1557C82765F9}.CheckIn|Any CPU.ActiveCfg = Debug|Any CPU
		{A3C831E3-870B-407D-9E20-1557C82765F9}.CheckIn|Any CPU.Build.0 = Debug|Any CPU
		{A3C831E3-870B-407D-9E20-1557C82765F9}.Debug|Any CPU.ActiveCfg = Debug|Any CPU
		{A3C831E3-870B-407D-9E20-1557C82765F9}.Debug|Any CPU.Build.0 = Debug|Any CPU
		{A3C831E3-870B-407D-9E20-1557C82765F9}.Release|Any CPU.ActiveCfg = Release|Any CPU
		{A3C831E3-870B-407D-9E20-1557C82765F9}.Release|Any CPU.Build.0 = Release|Any CPU
		{2598C9CB-837A-4561-AC2B-60485B969BD2}.CheckIn|Any CPU.ActiveCfg = Debug|Any CPU
		{2598C9CB-837A-4561-AC2B-60485B969BD2}.CheckIn|Any CPU.Build.0 = Debug|Any CPU
		{2598C9CB-837A-4561-AC2B-60485B969BD2}.Debug|Any CPU.ActiveCfg = Debug|Any CPU
		{2598C9CB-837A-4561-AC2B-60485B969BD2}.Debug|Any CPU.Build.0 = Debug|Any CPU
		{2598C9CB-837A-4561-AC2B-60485B969BD2}.Release|Any CPU.ActiveCfg = Release|Any CPU
		{2598C9CB-837A-4561-AC2B-60485B969BD2}.Release|Any CPU.Build.0 = Release|Any CPU
		{0375618D-4237-4D93-B1AF-38714C5CDBEA}.CheckIn|Any CPU.ActiveCfg = Debug|Any CPU
		{0375618D-4237-4D93-B1AF-38714C5CDBEA}.CheckIn|Any CPU.Build.0 = Debug|Any CPU
		{0375618D-4237-4D93-B1AF-38714C5CDBEA}.Debug|Any CPU.ActiveCfg = Debug|Any CPU
		{0375618D-4237-4D93-B1AF-38714C5CDBEA}.Debug|Any CPU.Build.0 = Debug|Any CPU
		{0375618D-4237-4D93-B1AF-38714C5CDBEA}.Release|Any CPU.ActiveCfg = Release|Any CPU
		{0375618D-4237-4D93-B1AF-38714C5CDBEA}.Release|Any CPU.Build.0 = Release|Any CPU
		{EFDD51B8-3D14-4F77-AFF5-EE6F0FE11780}.CheckIn|Any CPU.ActiveCfg = Debug|Any CPU
		{EFDD51B8-3D14-4F77-AFF5-EE6F0FE11780}.CheckIn|Any CPU.Build.0 = Debug|Any CPU
		{EFDD51B8-3D14-4F77-AFF5-EE6F0FE11780}.Debug|Any CPU.ActiveCfg = Debug|Any CPU
		{EFDD51B8-3D14-4F77-AFF5-EE6F0FE11780}.Debug|Any CPU.Build.0 = Debug|Any CPU
		{EFDD51B8-3D14-4F77-AFF5-EE6F0FE11780}.Release|Any CPU.ActiveCfg = Release|Any CPU
		{EFDD51B8-3D14-4F77-AFF5-EE6F0FE11780}.Release|Any CPU.Build.0 = Release|Any CPU
		{CC6CA494-6CD1-4E78-B1FD-B180B1480159}.CheckIn|Any CPU.ActiveCfg = Debug|Any CPU
		{CC6CA494-6CD1-4E78-B1FD-B180B1480159}.CheckIn|Any CPU.Build.0 = Debug|Any CPU
		{CC6CA494-6CD1-4E78-B1FD-B180B1480159}.Debug|Any CPU.ActiveCfg = Debug|Any CPU
		{CC6CA494-6CD1-4E78-B1FD-B180B1480159}.Debug|Any CPU.Build.0 = Debug|Any CPU
		{CC6CA494-6CD1-4E78-B1FD-B180B1480159}.Release|Any CPU.ActiveCfg = Release|Any CPU
		{CC6CA494-6CD1-4E78-B1FD-B180B1480159}.Release|Any CPU.Build.0 = Release|Any CPU
		{2D957A15-360E-453E-8DB4-49CA5A7EF9EB}.CheckIn|Any CPU.ActiveCfg = Debug|Any CPU
		{2D957A15-360E-453E-8DB4-49CA5A7EF9EB}.CheckIn|Any CPU.Build.0 = Debug|Any CPU
		{2D957A15-360E-453E-8DB4-49CA5A7EF9EB}.Debug|Any CPU.ActiveCfg = Debug|Any CPU
		{2D957A15-360E-453E-8DB4-49CA5A7EF9EB}.Debug|Any CPU.Build.0 = Debug|Any CPU
		{2D957A15-360E-453E-8DB4-49CA5A7EF9EB}.Release|Any CPU.ActiveCfg = Release|Any CPU
		{2D957A15-360E-453E-8DB4-49CA5A7EF9EB}.Release|Any CPU.Build.0 = Release|Any CPU
		{4B1FC406-6DCB-4568-AF65-3113B8A7C30E}.CheckIn|Any CPU.ActiveCfg = Debug|Any CPU
		{4B1FC406-6DCB-4568-AF65-3113B8A7C30E}.CheckIn|Any CPU.Build.0 = Debug|Any CPU
		{4B1FC406-6DCB-4568-AF65-3113B8A7C30E}.Debug|Any CPU.ActiveCfg = Debug|Any CPU
		{4B1FC406-6DCB-4568-AF65-3113B8A7C30E}.Debug|Any CPU.Build.0 = Debug|Any CPU
		{4B1FC406-6DCB-4568-AF65-3113B8A7C30E}.Release|Any CPU.ActiveCfg = Release|Any CPU
		{4B1FC406-6DCB-4568-AF65-3113B8A7C30E}.Release|Any CPU.Build.0 = Release|Any CPU
		{BD851973-4A76-4C0F-9F7E-D36A7B883F7D}.CheckIn|Any CPU.ActiveCfg = Debug|Any CPU
		{BD851973-4A76-4C0F-9F7E-D36A7B883F7D}.CheckIn|Any CPU.Build.0 = Debug|Any CPU
		{BD851973-4A76-4C0F-9F7E-D36A7B883F7D}.Debug|Any CPU.ActiveCfg = Debug|Any CPU
		{BD851973-4A76-4C0F-9F7E-D36A7B883F7D}.Debug|Any CPU.Build.0 = Debug|Any CPU
		{BD851973-4A76-4C0F-9F7E-D36A7B883F7D}.Release|Any CPU.ActiveCfg = Release|Any CPU
		{BD851973-4A76-4C0F-9F7E-D36A7B883F7D}.Release|Any CPU.Build.0 = Release|Any CPU
		{7AD107F3-700D-4C13-929C-B1DC2393CE56}.CheckIn|Any CPU.ActiveCfg = Debug|Any CPU
		{7AD107F3-700D-4C13-929C-B1DC2393CE56}.CheckIn|Any CPU.Build.0 = Debug|Any CPU
		{7AD107F3-700D-4C13-929C-B1DC2393CE56}.Debug|Any CPU.ActiveCfg = Debug|Any CPU
		{7AD107F3-700D-4C13-929C-B1DC2393CE56}.Debug|Any CPU.Build.0 = Debug|Any CPU
		{7AD107F3-700D-4C13-929C-B1DC2393CE56}.Release|Any CPU.ActiveCfg = Release|Any CPU
		{7AD107F3-700D-4C13-929C-B1DC2393CE56}.Release|Any CPU.Build.0 = Release|Any CPU
		{D6B16FE4-EC8A-4BA8-82F8-4080ED80DB7C}.CheckIn|Any CPU.ActiveCfg = Debug|Any CPU
		{D6B16FE4-EC8A-4BA8-82F8-4080ED80DB7C}.CheckIn|Any CPU.Build.0 = Debug|Any CPU
		{D6B16FE4-EC8A-4BA8-82F8-4080ED80DB7C}.Debug|Any CPU.ActiveCfg = Debug|Any CPU
		{D6B16FE4-EC8A-4BA8-82F8-4080ED80DB7C}.Debug|Any CPU.Build.0 = Debug|Any CPU
		{D6B16FE4-EC8A-4BA8-82F8-4080ED80DB7C}.Release|Any CPU.ActiveCfg = Release|Any CPU
		{D6B16FE4-EC8A-4BA8-82F8-4080ED80DB7C}.Release|Any CPU.Build.0 = Release|Any CPU
		{2C8A0A61-7771-4CBF-96F9-DCB83362C324}.CheckIn|Any CPU.ActiveCfg = Debug|Any CPU
		{2C8A0A61-7771-4CBF-96F9-DCB83362C324}.CheckIn|Any CPU.Build.0 = Debug|Any CPU
		{2C8A0A61-7771-4CBF-96F9-DCB83362C324}.Debug|Any CPU.ActiveCfg = Debug|Any CPU
		{2C8A0A61-7771-4CBF-96F9-DCB83362C324}.Debug|Any CPU.Build.0 = Debug|Any CPU
		{2C8A0A61-7771-4CBF-96F9-DCB83362C324}.Release|Any CPU.ActiveCfg = Release|Any CPU
		{2C8A0A61-7771-4CBF-96F9-DCB83362C324}.Release|Any CPU.Build.0 = Release|Any CPU
		{28D28C86-3B24-4A97-8DB3-A60E8EAE8C24}.CheckIn|Any CPU.ActiveCfg = Debug|Any CPU
		{28D28C86-3B24-4A97-8DB3-A60E8EAE8C24}.CheckIn|Any CPU.Build.0 = Debug|Any CPU
		{28D28C86-3B24-4A97-8DB3-A60E8EAE8C24}.Debug|Any CPU.ActiveCfg = Debug|Any CPU
		{28D28C86-3B24-4A97-8DB3-A60E8EAE8C24}.Debug|Any CPU.Build.0 = Debug|Any CPU
		{28D28C86-3B24-4A97-8DB3-A60E8EAE8C24}.Release|Any CPU.ActiveCfg = Release|Any CPU
		{28D28C86-3B24-4A97-8DB3-A60E8EAE8C24}.Release|Any CPU.Build.0 = Release|Any CPU
		{81D78D6E-98CC-4501-B826-4BC65F43D356}.CheckIn|Any CPU.ActiveCfg = Debug|Any CPU
		{81D78D6E-98CC-4501-B826-4BC65F43D356}.CheckIn|Any CPU.Build.0 = Debug|Any CPU
		{81D78D6E-98CC-4501-B826-4BC65F43D356}.Debug|Any CPU.ActiveCfg = Debug|Any CPU
		{81D78D6E-98CC-4501-B826-4BC65F43D356}.Debug|Any CPU.Build.0 = Debug|Any CPU
		{81D78D6E-98CC-4501-B826-4BC65F43D356}.Release|Any CPU.ActiveCfg = Release|Any CPU
		{81D78D6E-98CC-4501-B826-4BC65F43D356}.Release|Any CPU.Build.0 = Release|Any CPU
		{E0D3DF2F-6BB7-4A9D-A2E1-6736B9342C6B}.CheckIn|Any CPU.ActiveCfg = Debug|Any CPU
		{E0D3DF2F-6BB7-4A9D-A2E1-6736B9342C6B}.CheckIn|Any CPU.Build.0 = Debug|Any CPU
		{E0D3DF2F-6BB7-4A9D-A2E1-6736B9342C6B}.Debug|Any CPU.ActiveCfg = Debug|Any CPU
		{E0D3DF2F-6BB7-4A9D-A2E1-6736B9342C6B}.Debug|Any CPU.Build.0 = Debug|Any CPU
		{E0D3DF2F-6BB7-4A9D-A2E1-6736B9342C6B}.Release|Any CPU.ActiveCfg = Release|Any CPU
		{E0D3DF2F-6BB7-4A9D-A2E1-6736B9342C6B}.Release|Any CPU.Build.0 = Release|Any CPU
		{C3798CFF-6370-478C-A634-C36A81C88DE6}.CheckIn|Any CPU.ActiveCfg = Debug|Any CPU
		{C3798CFF-6370-478C-A634-C36A81C88DE6}.CheckIn|Any CPU.Build.0 = Debug|Any CPU
		{C3798CFF-6370-478C-A634-C36A81C88DE6}.Debug|Any CPU.ActiveCfg = Debug|Any CPU
		{C3798CFF-6370-478C-A634-C36A81C88DE6}.Debug|Any CPU.Build.0 = Debug|Any CPU
		{C3798CFF-6370-478C-A634-C36A81C88DE6}.Release|Any CPU.ActiveCfg = Release|Any CPU
		{C3798CFF-6370-478C-A634-C36A81C88DE6}.Release|Any CPU.Build.0 = Release|Any CPU
		{90DD5C17-0287-44BF-91A2-C67BF2490518}.CheckIn|Any CPU.ActiveCfg = Debug|Any CPU
		{90DD5C17-0287-44BF-91A2-C67BF2490518}.CheckIn|Any CPU.Build.0 = Debug|Any CPU
		{90DD5C17-0287-44BF-91A2-C67BF2490518}.Debug|Any CPU.ActiveCfg = Debug|Any CPU
		{90DD5C17-0287-44BF-91A2-C67BF2490518}.Debug|Any CPU.Build.0 = Debug|Any CPU
		{90DD5C17-0287-44BF-91A2-C67BF2490518}.Release|Any CPU.ActiveCfg = Release|Any CPU
		{90DD5C17-0287-44BF-91A2-C67BF2490518}.Release|Any CPU.Build.0 = Release|Any CPU
		{2A433162-FB77-4829-BF12-5DD9AEC84966}.CheckIn|Any CPU.ActiveCfg = Debug|Any CPU
		{2A433162-FB77-4829-BF12-5DD9AEC84966}.CheckIn|Any CPU.Build.0 = Debug|Any CPU
		{2A433162-FB77-4829-BF12-5DD9AEC84966}.Debug|Any CPU.ActiveCfg = Debug|Any CPU
		{2A433162-FB77-4829-BF12-5DD9AEC84966}.Debug|Any CPU.Build.0 = Debug|Any CPU
		{2A433162-FB77-4829-BF12-5DD9AEC84966}.Release|Any CPU.ActiveCfg = Release|Any CPU
		{2A433162-FB77-4829-BF12-5DD9AEC84966}.Release|Any CPU.Build.0 = Release|Any CPU
		{531485CE-A5F5-4580-882A-9B8B22093030}.CheckIn|Any CPU.ActiveCfg = Debug|Any CPU
		{531485CE-A5F5-4580-882A-9B8B22093030}.CheckIn|Any CPU.Build.0 = Debug|Any CPU
		{531485CE-A5F5-4580-882A-9B8B22093030}.Debug|Any CPU.ActiveCfg = Debug|Any CPU
		{531485CE-A5F5-4580-882A-9B8B22093030}.Debug|Any CPU.Build.0 = Debug|Any CPU
		{531485CE-A5F5-4580-882A-9B8B22093030}.Release|Any CPU.ActiveCfg = Release|Any CPU
		{531485CE-A5F5-4580-882A-9B8B22093030}.Release|Any CPU.Build.0 = Release|Any CPU
		{5DCF2E45-9674-413F-AC99-B8F51088B936}.CheckIn|Any CPU.ActiveCfg = Debug|Any CPU
		{5DCF2E45-9674-413F-AC99-B8F51088B936}.CheckIn|Any CPU.Build.0 = Debug|Any CPU
		{5DCF2E45-9674-413F-AC99-B8F51088B936}.Debug|Any CPU.ActiveCfg = Debug|Any CPU
		{5DCF2E45-9674-413F-AC99-B8F51088B936}.Debug|Any CPU.Build.0 = Debug|Any CPU
		{5DCF2E45-9674-413F-AC99-B8F51088B936}.Release|Any CPU.ActiveCfg = Release|Any CPU
		{5DCF2E45-9674-413F-AC99-B8F51088B936}.Release|Any CPU.Build.0 = Release|Any CPU
	EndGlobalSection
	GlobalSection(SolutionProperties) = preSolution
		HideSolutionNode = FALSE
	EndGlobalSection
	GlobalSection(NestedProjects) = preSolution
		{FDC809BE-AF6A-4947-97C4-B2F935DE0764} = {5D1D953B-4CBA-499F-B58E-47492CD2ADFC}
		{8EF57DBC-C4B3-400D-A8DD-F8DC2D200E12} = {5D1D953B-4CBA-499F-B58E-47492CD2ADFC}
		{834704F2-6249-4F12-AB3E-228E785D1640} = {5D1D953B-4CBA-499F-B58E-47492CD2ADFC}
		{A1C6DD20-B4E9-4605-AF16-A7141D28925B} = {5D1D953B-4CBA-499F-B58E-47492CD2ADFC}
		{B7FE75E7-4B18-4201-8E04-43A40F1A0E58} = {5D1D953B-4CBA-499F-B58E-47492CD2ADFC}
		{B31CA386-3892-4348-BA06-86E21DC584FB} = {5D1D953B-4CBA-499F-B58E-47492CD2ADFC}
		{827D5229-61DD-487E-9F6C-160A36B5734A} = {5D1D953B-4CBA-499F-B58E-47492CD2ADFC}
		{90CC01AF-A7C5-4D2E-B926-32149C985542} = {5D1D953B-4CBA-499F-B58E-47492CD2ADFC}
		{4EB33699-590F-4AA1-8E99-9C4DF1504008} = {0DCAE3F9-1F56-47E0-AF4C-5C7D461B033D}
		{780427F7-2068-4034-865B-AA38EBB80EE6} = {0DCAE3F9-1F56-47E0-AF4C-5C7D461B033D}
		{8CC2CC97-A442-4612-9A59-043072500BBD} = {0DCAE3F9-1F56-47E0-AF4C-5C7D461B033D}
		{0A05D91C-7852-4D79-8E4D-6293FAE15737} = {0DCAE3F9-1F56-47E0-AF4C-5C7D461B033D}
		{284A02D7-C541-4B3B-AFE5-FC39D6FC5C10} = {8B1D73E3-281D-4B46-848B-47410E3992C6}
		{479A8401-B9ED-4050-81AB-75DCD531DB70} = {8B1D73E3-281D-4B46-848B-47410E3992C6}
		{2D2EE4A1-EF8B-4656-9679-C4F035B88A6E} = {0DCAE3F9-1F56-47E0-AF4C-5C7D461B033D}
		{6F16E1F8-0BDD-4621-B8DC-0E9DC6A1BFDF} = {0DCAE3F9-1F56-47E0-AF4C-5C7D461B033D}
		{A3C831E3-870B-407D-9E20-1557C82765F9} = {0DCAE3F9-1F56-47E0-AF4C-5C7D461B033D}
		{2598C9CB-837A-4561-AC2B-60485B969BD2} = {0DCAE3F9-1F56-47E0-AF4C-5C7D461B033D}
		{0375618D-4237-4D93-B1AF-38714C5CDBEA} = {0DCAE3F9-1F56-47E0-AF4C-5C7D461B033D}
		{EFDD51B8-3D14-4F77-AFF5-EE6F0FE11780} = {0DCAE3F9-1F56-47E0-AF4C-5C7D461B033D}
		{CC6CA494-6CD1-4E78-B1FD-B180B1480159} = {0DCAE3F9-1F56-47E0-AF4C-5C7D461B033D}
		{2D957A15-360E-453E-8DB4-49CA5A7EF9EB} = {0DCAE3F9-1F56-47E0-AF4C-5C7D461B033D}
		{4B1FC406-6DCB-4568-AF65-3113B8A7C30E} = {0DCAE3F9-1F56-47E0-AF4C-5C7D461B033D}
		{BD851973-4A76-4C0F-9F7E-D36A7B883F7D} = {0DCAE3F9-1F56-47E0-AF4C-5C7D461B033D}
		{7AD107F3-700D-4C13-929C-B1DC2393CE56} = {0DCAE3F9-1F56-47E0-AF4C-5C7D461B033D}
		{D6B16FE4-EC8A-4BA8-82F8-4080ED80DB7C} = {0DCAE3F9-1F56-47E0-AF4C-5C7D461B033D}
		{2C8A0A61-7771-4CBF-96F9-DCB83362C324} = {0DCAE3F9-1F56-47E0-AF4C-5C7D461B033D}
		{28D28C86-3B24-4A97-8DB3-A60E8EAE8C24} = {0DCAE3F9-1F56-47E0-AF4C-5C7D461B033D}
		{81D78D6E-98CC-4501-B826-4BC65F43D356} = {0DCAE3F9-1F56-47E0-AF4C-5C7D461B033D}
		{E0D3DF2F-6BB7-4A9D-A2E1-6736B9342C6B} = {0DCAE3F9-1F56-47E0-AF4C-5C7D461B033D}
		{C3798CFF-6370-478C-A634-C36A81C88DE6} = {0DCAE3F9-1F56-47E0-AF4C-5C7D461B033D}
		{90DD5C17-0287-44BF-91A2-C67BF2490518} = {0DCAE3F9-1F56-47E0-AF4C-5C7D461B033D}
		{2A433162-FB77-4829-BF12-5DD9AEC84966} = {0DCAE3F9-1F56-47E0-AF4C-5C7D461B033D}
		{531485CE-A5F5-4580-882A-9B8B22093030} = {0DCAE3F9-1F56-47E0-AF4C-5C7D461B033D}
		{5DCF2E45-9674-413F-AC99-B8F51088B936} = {0DCAE3F9-1F56-47E0-AF4C-5C7D461B033D}
	EndGlobalSection
	GlobalSection(ExtensibilityGlobals) = postSolution
		SolutionGuid = {0090F748-6109-4D85-B736-24586AA49B24}
	EndGlobalSection
EndGlobal
