
Microsoft Visual Studio Solution File, Format Version 12.00
# Visual Studio Version 17
VisualStudioVersion = 17.10.35027.167
MinimumVisualStudioVersion = 10.0.40219.1
Project("{2150E333-8FDC-42A3-9474-1A3956D46DE8}") = "Task1.CSharpBase", "Task1.CSharpBase", "{5D1D953B-4CBA-499F-B58E-47492CD2ADFC}"
EndProject
Project("{FAE04EC0-301F-11D3-BF4B-00C04F79EFBC}") = "Task1B", "Task1B\Task1B.csproj", "{FDC809BE-AF6A-4947-97C4-B2F935DE0764}"
EndProject
Project("{9A19103F-16F7-4668-BE54-9A1E7A4F7556}") = "Task2", "Task2\Task2.csproj", "{8EF57DBC-C4B3-400D-A8DD-F8DC2D200E12}"
EndProject
Project("{9A19103F-16F7-4668-BE54-9A1E7A4F7556}") = "Task3", "Task3\Task3.csproj", "{834704F2-6249-4F12-AB3E-228E785D1640}"
EndProject
Project("{9A19103F-16F7-4668-BE54-9A1E7A4F7556}") = "Task4", "Task4\Task4.csproj", "{A1C6DD20-B4E9-4605-AF16-A7141D28925B}"
EndProject
Project("{9A19103F-16F7-4668-BE54-9A1E7A4F7556}") = "Task5", "Task5\Task5.csproj", "{B7FE75E7-4B18-4201-8E04-43A40F1A0E58}"
EndProject
Project("{9A19103F-16F7-4668-BE54-9A1E7A4F7556}") = "Task6", "Task6\Task6.csproj", "{B31CA386-3892-4348-BA06-86E21DC584FB}"
EndProject
Project("{9A19103F-16F7-4668-BE54-9A1E7A4F7556}") = "Task7", "Task7\Task7.csproj", "{827D5229-61DD-487E-9F6C-160A36B5734A}"
EndProject
Project("{9A19103F-16F7-4668-BE54-9A1E7A4F7556}") = "Task1A", "Task1A\Task1A.csproj", "{90CC01AF-A7C5-4D2E-B926-32149C985542}"
EndProject
Global
	GlobalSection(SolutionConfigurationPlatforms) = preSolution
		CheckIn|Any CPU = CheckIn|Any CPU
		Debug|Any CPU = Debug|Any CPU
		Release|Any CPU = Release|Any CPU
	EndGlobalSection
	GlobalSection(ProjectConfigurationPlatforms) = postSolution
		{FDC809BE-AF6A-4947-97C4-B2F935DE0764}.CheckIn|Any CPU.ActiveCfg = CheckIn|Any CPU
		{FDC809BE-AF6A-4947-97C4-B2F935DE0764}.CheckIn|Any CPU.Build.0 = CheckIn|Any CPU
		{FDC809BE-AF6A-4947-97C4-B2F935DE0764}.Debug|Any CPU.ActiveCfg = CheckIn|Any CPU
		{FDC809BE-AF6A-4947-97C4-B2F935DE0764}.Debug|Any CPU.Build.0 = CheckIn|Any CPU
		{FDC809BE-AF6A-4947-97C4-B2F935DE0764}.Release|Any CPU.ActiveCfg = Release|Any CPU
		{FDC809BE-AF6A-4947-97C4-B2F935DE0764}.Release|Any CPU.Build.0 = Release|Any CPU
		{8EF57DBC-C4B3-400D-A8DD-F8DC2D200E12}.CheckIn|Any CPU.ActiveCfg = Debug|Any CPU
		{8EF57DBC-C4B3-400D-A8DD-F8DC2D200E12}.CheckIn|Any CPU.Build.0 = Debug|Any CPU
		{8EF57DBC-C4B3-400D-A8DD-F8DC2D200E12}.Debug|Any CPU.ActiveCfg = Debug|Any CPU
		{8EF57DBC-C4B3-400D-A8DD-F8DC2D200E12}.Debug|Any CPU.Build.0 = Debug|Any CPU
		{8EF57DBC-C4B3-400D-A8DD-F8DC2D200E12}.Release|Any CPU.ActiveCfg = Release|Any CPU
		{8EF57DBC-C4B3-400D-A8DD-F8DC2D200E12}.Release|Any CPU.Build.0 = Release|Any CPU
		{834704F2-6249-4F12-AB3E-228E785D1640}.CheckIn|Any CPU.ActiveCfg = Debug|Any CPU
		{834704F2-6249-4F12-AB3E-228E785D1640}.CheckIn|Any CPU.Build.0 = Debug|Any CPU
		{834704F2-6249-4F12-AB3E-228E785D1640}.Debug|Any CPU.ActiveCfg = Debug|Any CPU
		{834704F2-6249-4F12-AB3E-228E785D1640}.Debug|Any CPU.Build.0 = Debug|Any CPU
		{834704F2-6249-4F12-AB3E-228E785D1640}.Release|Any CPU.ActiveCfg = Release|Any CPU
		{834704F2-6249-4F12-AB3E-228E785D1640}.Release|Any CPU.Build.0 = Release|Any CPU
		{A1C6DD20-B4E9-4605-AF16-A7141D28925B}.CheckIn|Any CPU.ActiveCfg = Debug|Any CPU
		{A1C6DD20-B4E9-4605-AF16-A7141D28925B}.CheckIn|Any CPU.Build.0 = Debug|Any CPU
		{A1C6DD20-B4E9-4605-AF16-A7141D28925B}.Debug|Any CPU.ActiveCfg = Debug|Any CPU
		{A1C6DD20-B4E9-4605-AF16-A7141D28925B}.Debug|Any CPU.Build.0 = Debug|Any CPU
		{A1C6DD20-B4E9-4605-AF16-A7141D28925B}.Release|Any CPU.ActiveCfg = Release|Any CPU
		{A1C6DD20-B4E9-4605-AF16-A7141D28925B}.Release|Any CPU.Build.0 = Release|Any CPU
		{B7FE75E7-4B18-4201-8E04-43A40F1A0E58}.CheckIn|Any CPU.ActiveCfg = Debug|Any CPU
		{B7FE75E7-4B18-4201-8E04-43A40F1A0E58}.CheckIn|Any CPU.Build.0 = Debug|Any CPU
		{B7FE75E7-4B18-4201-8E04-43A40F1A0E58}.Debug|Any CPU.ActiveCfg = Debug|Any CPU
		{B7FE75E7-4B18-4201-8E04-43A40F1A0E58}.Debug|Any CPU.Build.0 = Debug|Any CPU
		{B7FE75E7-4B18-4201-8E04-43A40F1A0E58}.Release|Any CPU.ActiveCfg = Release|Any CPU
		{B7FE75E7-4B18-4201-8E04-43A40F1A0E58}.Release|Any CPU.Build.0 = Release|Any CPU
		{B31CA386-3892-4348-BA06-86E21DC584FB}.CheckIn|Any CPU.ActiveCfg = Debug|Any CPU
		{B31CA386-3892-4348-BA06-86E21DC584FB}.CheckIn|Any CPU.Build.0 = Debug|Any CPU
		{B31CA386-3892-4348-BA06-86E21DC584FB}.Debug|Any CPU.ActiveCfg = Debug|Any CPU
		{B31CA386-3892-4348-BA06-86E21DC584FB}.Debug|Any CPU.Build.0 = Debug|Any CPU
		{B31CA386-3892-4348-BA06-86E21DC584FB}.Release|Any CPU.ActiveCfg = Release|Any CPU
		{B31CA386-3892-4348-BA06-86E21DC584FB}.Release|Any CPU.Build.0 = Release|Any CPU
		{827D5229-61DD-487E-9F6C-160A36B5734A}.CheckIn|Any CPU.ActiveCfg = Debug|Any CPU
		{827D5229-61DD-487E-9F6C-160A36B5734A}.CheckIn|Any CPU.Build.0 = Debug|Any CPU
		{827D5229-61DD-487E-9F6C-160A36B5734A}.Debug|Any CPU.ActiveCfg = Debug|Any CPU
		{827D5229-61DD-487E-9F6C-160A36B5734A}.Debug|Any CPU.Build.0 = Debug|Any CPU
		{827D5229-61DD-487E-9F6C-160A36B5734A}.Release|Any CPU.ActiveCfg = Release|Any CPU
		{827D5229-61DD-487E-9F6C-160A36B5734A}.Release|Any CPU.Build.0 = Release|Any CPU
		{90CC01AF-A7C5-4D2E-B926-32149C985542}.CheckIn|Any CPU.ActiveCfg = CheckIn|Any CPU
		{90CC01AF-A7C5-4D2E-B926-32149C985542}.CheckIn|Any CPU.Build.0 = CheckIn|Any CPU
		{90CC01AF-A7C5-4D2E-B926-32149C985542}.Debug|Any CPU.ActiveCfg = Debug|Any CPU
		{90CC01AF-A7C5-4D2E-B926-32149C985542}.Debug|Any CPU.Build.0 = Debug|Any CPU
		{90CC01AF-A7C5-4D2E-B926-32149C985542}.Release|Any CPU.ActiveCfg = Release|Any CPU
		{90CC01AF-A7C5-4D2E-B926-32149C985542}.Release|Any CPU.Build.0 = Release|Any CPU
	EndGlobalSection
	GlobalSection(SolutionProperties) = preSolution
		HideSolutionNode = FALSE
	EndGlobalSection
	GlobalSection(NestedProjects) = preSolution
		{FDC809BE-AF6A-4947-97C4-B2F935DE0764} = {5D1D953B-4CBA-499F-B58E-47492CD2ADFC}
		{8EF57DBC-C4B3-400D-A8DD-F8DC2D200E12} = {5D1D953B-4CBA-499F-B58E-47492CD2ADFC}
		{834704F2-6249-4F12-AB3E-228E785D1640} = {5D1D953B-4CBA-499F-B58E-47492CD2ADFC}
		{A1C6DD20-B4E9-4605-AF16-A7141D28925B} = {5D1D953B-4CBA-499F-B58E-47492CD2ADFC}
		{B7FE75E7-4B18-4201-8E04-43A40F1A0E58} = {5D1D953B-4CBA-499F-B58E-47492CD2ADFC}
		{B31CA386-3892-4348-BA06-86E21DC584FB} = {5D1D953B-4CBA-499F-B58E-47492CD2ADFC}
		{827D5229-61DD-487E-9F6C-160A36B5734A} = {5D1D953B-4CBA-499F-B58E-47492CD2ADFC}
		{90CC01AF-A7C5-4D2E-B926-32149C985542} = {5D1D953B-4CBA-499F-B58E-47492CD2ADFC}
	EndGlobalSection
	GlobalSection(ExtensibilityGlobals) = postSolution
		SolutionGuid = {0090F748-6109-4D85-B736-24586AA49B24}
	EndGlobalSection
EndGlobal
